
Microsoft Visual Studio Solution File, Format Version 12.00
# Visual Studio 14
VisualStudioVersion = 14.0.25420.1
MinimumVisualStudioVersion = 10.0.40219.1
Project("{FAE04EC0-301F-11D3-BF4B-00C04F79EFBC}") = "TestSpec", "TestSpec\TestSpec.csproj", "{BC180AD9-F38F-422A-B8C3-21F5C0090F4C}"
EndProject
Global
	GlobalSection(SolutionConfigurationPlatforms) = preSolution
		Debug|Any CPU = Debug|Any CPU
		Release|Any CPU = Release|Any CPU
	EndGlobalSection
	GlobalSection(ProjectConfigurationPlatforms) = postSolution
		{BC180AD9-F38F-422A-B8C3-21F5C0090F4C}.Debug|Any CPU.ActiveCfg = Debug|Any CPU
		{BC180AD9-F38F-422A-B8C3-21F5C0090F4C}.Debug|Any CPU.Build.0 = Debug|Any CPU
		{BC180AD9-F38F-422A-B8C3-21F5C0090F4C}.Release|Any CPU.ActiveCfg = Release|Any CPU
		{BC180AD9-F38F-422A-B8C3-21F5C0090F4C}.Release|Any CPU.Build.0 = Release|Any CPU
	EndGlobalSection
	GlobalSection(SolutionProperties) = preSolution
		HideSolutionNode = FALSE
	EndGlobalSection
	GlobalSection(ExtensibilityGlobals) = postSolution
		VisualSVNWorkingCopyRoot = .
	EndGlobalSection
EndGlobal
